
Microsoft Visual Studio Solution File, Format Version 12.00
# Visual Studio Version 17
VisualStudioVersion = 17.8.34322.80
MinimumVisualStudioVersion = 10.0.40219.1
Project("{FAE04EC0-301F-11D3-BF4B-00C04F79EFBC}") = "Enzo_Color_Prototype", "Enzo_Color_Prototype\Enzo_Color_Prototype.csproj", "{BD4DDEBD-404B-486C-BEFC-D797BC107614}"
EndProject
Global
	GlobalSection(SolutionConfigurationPlatforms) = preSolution
		Debug|Any CPU = Debug|Any CPU
		Release|Any CPU = Release|Any CPU
	EndGlobalSection
	GlobalSection(ProjectConfigurationPlatforms) = postSolution
		{BD4DDEBD-404B-486C-BEFC-D797BC107614}.Debug|Any CPU.ActiveCfg = Debug|Any CPU
		{BD4DDEBD-404B-486C-BEFC-D797BC107614}.Debug|Any CPU.Build.0 = Debug|Any CPU
		{BD4DDEBD-404B-486C-BEFC-D797BC107614}.Release|Any CPU.ActiveCfg = Release|Any CPU
		{BD4DDEBD-404B-486C-BEFC-D797BC107614}.Release|Any CPU.Build.0 = Release|Any CPU
	EndGlobalSection
	GlobalSection(SolutionProperties) = preSolution
		HideSolutionNode = FALSE
	EndGlobalSection
	GlobalSection(ExtensibilityGlobals) = postSolution
		SolutionGuid = {C8FCABB3-6F53-418F-BA9F-314CD98AC4C1}
	EndGlobalSection
EndGlobal
